
Microsoft Visual Studio Solution File, Format Version 12.00
# Visual Studio Version 17
VisualStudioVersion = 17.10.35013.160
MinimumVisualStudioVersion = 10.0.40219.1
Project("{FAE04EC0-301F-11D3-BF4B-00C04F79EFBC}") = "museu", "museu\museu.csproj", "{D3882825-152E-4C0E-AE66-CCC2D4362E2F}"
EndProject
Global
	GlobalSection(SolutionConfigurationPlatforms) = preSolution
		Debug|Any CPU = Debug|Any CPU
		Release|Any CPU = Release|Any CPU
	EndGlobalSection
	GlobalSection(ProjectConfigurationPlatforms) = postSolution
		{D3882825-152E-4C0E-AE66-CCC2D4362E2F}.Debug|Any CPU.ActiveCfg = Debug|Any CPU
		{D3882825-152E-4C0E-AE66-CCC2D4362E2F}.Debug|Any CPU.Build.0 = Debug|Any CPU
		{D3882825-152E-4C0E-AE66-CCC2D4362E2F}.Debug|Any CPU.Deploy.0 = Debug|Any CPU
		{D3882825-152E-4C0E-AE66-CCC2D4362E2F}.Release|Any CPU.ActiveCfg = Release|Any CPU
		{D3882825-152E-4C0E-AE66-CCC2D4362E2F}.Release|Any CPU.Build.0 = Release|Any CPU
		{D3882825-152E-4C0E-AE66-CCC2D4362E2F}.Release|Any CPU.Deploy.0 = Release|Any CPU
	EndGlobalSection
	GlobalSection(SolutionProperties) = preSolution
		HideSolutionNode = FALSE
	EndGlobalSection
	GlobalSection(ExtensibilityGlobals) = postSolution
		SolutionGuid = {016C5CB7-BA4F-4D4C-BEFD-71F03F0A9625}
	EndGlobalSection
EndGlobal
