
Microsoft Visual Studio Solution File, Format Version 12.00
# Visual Studio Version 17
VisualStudioVersion = 17.7.34024.191
MinimumVisualStudioVersion = 10.0.40219.1
Project("{FAE04EC0-301F-11D3-BF4B-00C04F79EFBC}") = "TestForm2", "TestForm2.csproj", "{095F2FBC-3722-4D07-B738-9DDDF9ECE980}"
EndProject
Global
	GlobalSection(SolutionConfigurationPlatforms) = preSolution
		Debug|Any CPU = Debug|Any CPU
		Release|Any CPU = Release|Any CPU
	EndGlobalSection
	GlobalSection(ProjectConfigurationPlatforms) = postSolution
		{095F2FBC-3722-4D07-B738-9DDDF9ECE980}.Debug|Any CPU.ActiveCfg = Debug|Any CPU
		{095F2FBC-3722-4D07-B738-9DDDF9ECE980}.Debug|Any CPU.Build.0 = Debug|Any CPU
		{095F2FBC-3722-4D07-B738-9DDDF9ECE980}.Release|Any CPU.ActiveCfg = Release|Any CPU
		{095F2FBC-3722-4D07-B738-9DDDF9ECE980}.Release|Any CPU.Build.0 = Release|Any CPU
	EndGlobalSection
	GlobalSection(SolutionProperties) = preSolution
		HideSolutionNode = FALSE
	EndGlobalSection
	GlobalSection(ExtensibilityGlobals) = postSolution
		SolutionGuid = {4946D02C-E1D6-4120-8B1D-180644A88CF8}
	EndGlobalSection
EndGlobal
